// !$*UTF8*$!
{
	archiveVersion = 1;
	classes = {
	};
	objectVersion = 46;
	objects = {

/* Begin PBXBuildFile section */
		B65EE8A41C9D00BF00991F9C /* HomeTableViewController.m in Sources */ = {isa = PBXBuildFile; fileRef = B65EE8A31C9D00BF00991F9C /* HomeTableViewController.m */; settings = {ASSET_TAGS = (); }; };
		B66EE7431C987269005BADC4 /* MBProgressHUD+Add.m in Sources */ = {isa = PBXBuildFile; fileRef = B66EE7401C987269005BADC4 /* MBProgressHUD+Add.m */; settings = {ASSET_TAGS = (); }; };
		B66EE7441C987269005BADC4 /* MBProgressHUD.m in Sources */ = {isa = PBXBuildFile; fileRef = B66EE7421C987269005BADC4 /* MBProgressHUD.m */; settings = {ASSET_TAGS = (); }; };
		B69A6DB81C98432000AB8F08 /* main.m in Sources */ = {isa = PBXBuildFile; fileRef = B69A6DB71C98432000AB8F08 /* main.m */; };
		B69A6DBB1C98432000AB8F08 /* AppDelegate.m in Sources */ = {isa = PBXBuildFile; fileRef = B69A6DBA1C98432000AB8F08 /* AppDelegate.m */; };
		B69A6DBE1C98432000AB8F08 /* LoginViewController.m in Sources */ = {isa = PBXBuildFile; fileRef = B69A6DBD1C98432000AB8F08 /* LoginViewController.m */; };
		B69A6DC11C98432000AB8F08 /* Main.storyboard in Resources */ = {isa = PBXBuildFile; fileRef = B69A6DBF1C98432000AB8F08 /* Main.storyboard */; };
		B69A6DC31C98432000AB8F08 /* Assets.xcassets in Resources */ = {isa = PBXBuildFile; fileRef = B69A6DC21C98432000AB8F08 /* Assets.xcassets */; };
		B69A6DC61C98432000AB8F08 /* LaunchScreen.storyboard in Resources */ = {isa = PBXBuildFile; fileRef = B69A6DC41C98432000AB8F08 /* LaunchScreen.storyboard */; };
		B69A6DD11C98432000AB8F08 /* CuteCatTests.m in Sources */ = {isa = PBXBuildFile; fileRef = B69A6DD01C98432000AB8F08 /* CuteCatTests.m */; };
		B69A6DDC1C98432000AB8F08 /* CuteCatUITests.m in Sources */ = {isa = PBXBuildFile; fileRef = B69A6DDB1C98432000AB8F08 /* CuteCatUITests.m */; };
		B69A6DEC1C98459C00AB8F08 /* BaseViewController.m in Sources */ = {isa = PBXBuildFile; fileRef = B69A6DEB1C98459C00AB8F08 /* BaseViewController.m */; settings = {ASSET_TAGS = (); }; };
		B69A6DEF1C9845BE00AB8F08 /* BaseTableViewController.m in Sources */ = {isa = PBXBuildFile; fileRef = B69A6DEE1C9845BE00AB8F08 /* BaseTableViewController.m */; settings = {ASSET_TAGS = (); }; };
		B69A6DF21C98469C00AB8F08 /* RegistViewController.m in Sources */ = {isa = PBXBuildFile; fileRef = B69A6DF11C98469C00AB8F08 /* RegistViewController.m */; settings = {ASSET_TAGS = (); }; };
		B69A6DF51C98480900AB8F08 /* ForgetViewController.m in Sources */ = {isa = PBXBuildFile; fileRef = B69A6DF41C98480900AB8F08 /* ForgetViewController.m */; settings = {ASSET_TAGS = (); }; };
		B69A6DF91C98497200AB8F08 /* ResetViewController.m in Sources */ = {isa = PBXBuildFile; fileRef = B69A6DF81C98497200AB8F08 /* ResetViewController.m */; settings = {ASSET_TAGS = (); }; };
		B6B3589A1C992FEF00AFFC5F /* BmobSDK.framework in Frameworks */ = {isa = PBXBuildFile; fileRef = B6B358981C992FEF00AFFC5F /* BmobSDK.framework */; settings = {ASSET_TAGS = (); }; };
		B6B3589C1C99303A00AFFC5F /* CoreLocation.framework in Frameworks */ = {isa = PBXBuildFile; fileRef = B6B3589B1C99303A00AFFC5F /* CoreLocation.framework */; };
		B6B3589E1C99308D00AFFC5F /* Foundation.framework in Frameworks */ = {isa = PBXBuildFile; fileRef = B6B3589D1C99308D00AFFC5F /* Foundation.framework */; };
		B6B358A01C99309700AFFC5F /* UIKit.framework in Frameworks */ = {isa = PBXBuildFile; fileRef = B6B3589F1C99309700AFFC5F /* UIKit.framework */; };
		B6B358A21C9930A300AFFC5F /* CoreGraphics.framework in Frameworks */ = {isa = PBXBuildFile; fileRef = B6B358A11C9930A300AFFC5F /* CoreGraphics.framework */; };
		B6B358A41C9930BC00AFFC5F /* Security.framework in Frameworks */ = {isa = PBXBuildFile; fileRef = B6B358A31C9930BC00AFFC5F /* Security.framework */; };
		B6B358A61C9930DA00AFFC5F /* MobileCoreServices.framework in Frameworks */ = {isa = PBXBuildFile; fileRef = B6B358A51C9930DA00AFFC5F /* MobileCoreServices.framework */; };
		B6B358A81C9930E500AFFC5F /* CFNetwork.framework in Frameworks */ = {isa = PBXBuildFile; fileRef = B6B358A71C9930E500AFFC5F /* CFNetwork.framework */; };
		B6B358AA1C9930F100AFFC5F /* CoreTelephony.framework in Frameworks */ = {isa = PBXBuildFile; fileRef = B6B358A91C9930F100AFFC5F /* CoreTelephony.framework */; };
		B6B358AC1C99310200AFFC5F /* SystemConfiguration.framework in Frameworks */ = {isa = PBXBuildFile; fileRef = B6B358AB1C99310200AFFC5F /* SystemConfiguration.framework */; };
		B6B358AE1C99311200AFFC5F /* libz.1.2.5.tbd in Frameworks */ = {isa = PBXBuildFile; fileRef = B6B358AD1C99311200AFFC5F /* libz.1.2.5.tbd */; };
		B6B358B01C99312200AFFC5F /* libicucore.tbd in Frameworks */ = {isa = PBXBuildFile; fileRef = B6B358AF1C99312200AFFC5F /* libicucore.tbd */; };
		B6B358B21C99312E00AFFC5F /* libsqlite3.tbd in Frameworks */ = {isa = PBXBuildFile; fileRef = B6B358B11C99312E00AFFC5F /* libsqlite3.tbd */; };
		B6B358B41C99313500AFFC5F /* AVFoundation.framework in Frameworks */ = {isa = PBXBuildFile; fileRef = B6B358B31C99313500AFFC5F /* AVFoundation.framework */; };
		B6B358B61C99314100AFFC5F /* MediaPlayer.framework in Frameworks */ = {isa = PBXBuildFile; fileRef = B6B358B51C99314100AFFC5F /* MediaPlayer.framework */; };
/* End PBXBuildFile section */

/* Begin PBXContainerItemProxy section */
		B69A6DCD1C98432000AB8F08 /* PBXContainerItemProxy */ = {
			isa = PBXContainerItemProxy;
			containerPortal = B69A6DAB1C98432000AB8F08 /* Project object */;
			proxyType = 1;
			remoteGlobalIDString = B69A6DB21C98432000AB8F08;
			remoteInfo = CuteCat;
		};
		B69A6DD81C98432000AB8F08 /* PBXContainerItemProxy */ = {
			isa = PBXContainerItemProxy;
			containerPortal = B69A6DAB1C98432000AB8F08 /* Project object */;
			proxyType = 1;
			remoteGlobalIDString = B69A6DB21C98432000AB8F08;
			remoteInfo = CuteCat;
		};
/* End PBXContainerItemProxy section */

/* Begin PBXFileReference section */
		B65EE8A21C9D00BF00991F9C /* HomeTableViewController.h */ = {isa = PBXFileReference; fileEncoding = 4; lastKnownFileType = sourcecode.c.h; path = HomeTableViewController.h; sourceTree = "<group>"; };
		B65EE8A31C9D00BF00991F9C /* HomeTableViewController.m */ = {isa = PBXFileReference; fileEncoding = 4; lastKnownFileType = sourcecode.c.objc; path = HomeTableViewController.m; sourceTree = "<group>"; };
		B65EE8A61C9D032300991F9C /* Const.h */ = {isa = PBXFileReference; lastKnownFileType = sourcecode.c.h; path = Const.h; sourceTree = "<group>"; };
		B66EE73F1C987269005BADC4 /* MBProgressHUD+Add.h */ = {isa = PBXFileReference; fileEncoding = 4; lastKnownFileType = sourcecode.c.h; path = "MBProgressHUD+Add.h"; sourceTree = "<group>"; };
		B66EE7401C987269005BADC4 /* MBProgressHUD+Add.m */ = {isa = PBXFileReference; fileEncoding = 4; lastKnownFileType = sourcecode.c.objc; path = "MBProgressHUD+Add.m"; sourceTree = "<group>"; };
		B66EE7411C987269005BADC4 /* MBProgressHUD.h */ = {isa = PBXFileReference; fileEncoding = 4; lastKnownFileType = sourcecode.c.h; path = MBProgressHUD.h; sourceTree = "<group>"; };
		B66EE7421C987269005BADC4 /* MBProgressHUD.m */ = {isa = PBXFileReference; fileEncoding = 4; lastKnownFileType = sourcecode.c.objc; path = MBProgressHUD.m; sourceTree = "<group>"; };
		B69A6DB31C98432000AB8F08 /* CuteCat.app */ = {isa = PBXFileReference; explicitFileType = wrapper.application; includeInIndex = 0; path = CuteCat.app; sourceTree = BUILT_PRODUCTS_DIR; };
		B69A6DB71C98432000AB8F08 /* main.m */ = {isa = PBXFileReference; lastKnownFileType = sourcecode.c.objc; path = main.m; sourceTree = "<group>"; };
		B69A6DB91C98432000AB8F08 /* AppDelegate.h */ = {isa = PBXFileReference; lastKnownFileType = sourcecode.c.h; path = AppDelegate.h; sourceTree = "<group>"; };
		B69A6DBA1C98432000AB8F08 /* AppDelegate.m */ = {isa = PBXFileReference; lastKnownFileType = sourcecode.c.objc; path = AppDelegate.m; sourceTree = "<group>"; };
		B69A6DBC1C98432000AB8F08 /* LoginViewController.h */ = {isa = PBXFileReference; lastKnownFileType = sourcecode.c.h; name = LoginViewController.h; path = CuteCat/LoginViewController.h; sourceTree = "<group>"; };
		B69A6DBD1C98432000AB8F08 /* LoginViewController.m */ = {isa = PBXFileReference; lastKnownFileType = sourcecode.c.objc; name = LoginViewController.m; path = CuteCat/LoginViewController.m; sourceTree = "<group>"; };
		B69A6DC01C98432000AB8F08 /* Base */ = {isa = PBXFileReference; lastKnownFileType = file.storyboard; name = Base; path = Base.lproj/Main.storyboard; sourceTree = "<group>"; };
		B69A6DC21C98432000AB8F08 /* Assets.xcassets */ = {isa = PBXFileReference; lastKnownFileType = folder.assetcatalog; path = Assets.xcassets; sourceTree = "<group>"; };
		B69A6DC51C98432000AB8F08 /* Base */ = {isa = PBXFileReference; lastKnownFileType = file.storyboard; name = Base; path = Base.lproj/LaunchScreen.storyboard; sourceTree = "<group>"; };
		B69A6DC71C98432000AB8F08 /* Info.plist */ = {isa = PBXFileReference; lastKnownFileType = text.plist.xml; path = Info.plist; sourceTree = "<group>"; };
		B69A6DCC1C98432000AB8F08 /* CuteCatTests.xctest */ = {isa = PBXFileReference; explicitFileType = wrapper.cfbundle; includeInIndex = 0; path = CuteCatTests.xctest; sourceTree = BUILT_PRODUCTS_DIR; };
		B69A6DD01C98432000AB8F08 /* CuteCatTests.m */ = {isa = PBXFileReference; lastKnownFileType = sourcecode.c.objc; path = CuteCatTests.m; sourceTree = "<group>"; };
		B69A6DD21C98432000AB8F08 /* Info.plist */ = {isa = PBXFileReference; lastKnownFileType = text.plist.xml; path = Info.plist; sourceTree = "<group>"; };
		B69A6DD71C98432000AB8F08 /* CuteCatUITests.xctest */ = {isa = PBXFileReference; explicitFileType = wrapper.cfbundle; includeInIndex = 0; path = CuteCatUITests.xctest; sourceTree = BUILT_PRODUCTS_DIR; };
		B69A6DDB1C98432000AB8F08 /* CuteCatUITests.m */ = {isa = PBXFileReference; lastKnownFileType = sourcecode.c.objc; path = CuteCatUITests.m; sourceTree = "<group>"; };
		B69A6DDD1C98432000AB8F08 /* Info.plist */ = {isa = PBXFileReference; lastKnownFileType = text.plist.xml; path = Info.plist; sourceTree = "<group>"; };
		B69A6DEA1C98459C00AB8F08 /* BaseViewController.h */ = {isa = PBXFileReference; fileEncoding = 4; lastKnownFileType = sourcecode.c.h; path = BaseViewController.h; sourceTree = "<group>"; };
		B69A6DEB1C98459C00AB8F08 /* BaseViewController.m */ = {isa = PBXFileReference; fileEncoding = 4; lastKnownFileType = sourcecode.c.objc; path = BaseViewController.m; sourceTree = "<group>"; };
		B69A6DED1C9845BE00AB8F08 /* BaseTableViewController.h */ = {isa = PBXFileReference; fileEncoding = 4; lastKnownFileType = sourcecode.c.h; path = BaseTableViewController.h; sourceTree = "<group>"; };
		B69A6DEE1C9845BE00AB8F08 /* BaseTableViewController.m */ = {isa = PBXFileReference; fileEncoding = 4; lastKnownFileType = sourcecode.c.objc; path = BaseTableViewController.m; sourceTree = "<group>"; };
		B69A6DF01C98469C00AB8F08 /* RegistViewController.h */ = {isa = PBXFileReference; fileEncoding = 4; lastKnownFileType = sourcecode.c.h; path = RegistViewController.h; sourceTree = "<group>"; };
		B69A6DF11C98469C00AB8F08 /* RegistViewController.m */ = {isa = PBXFileReference; fileEncoding = 4; lastKnownFileType = sourcecode.c.objc; path = RegistViewController.m; sourceTree = "<group>"; };
		B69A6DF31C98480900AB8F08 /* ForgetViewController.h */ = {isa = PBXFileReference; fileEncoding = 4; lastKnownFileType = sourcecode.c.h; path = ForgetViewController.h; sourceTree = "<group>"; };
		B69A6DF41C98480900AB8F08 /* ForgetViewController.m */ = {isa = PBXFileReference; fileEncoding = 4; lastKnownFileType = sourcecode.c.objc; path = ForgetViewController.m; sourceTree = "<group>"; };
		B69A6DF71C98497200AB8F08 /* ResetViewController.h */ = {isa = PBXFileReference; fileEncoding = 4; lastKnownFileType = sourcecode.c.h; path = ResetViewController.h; sourceTree = "<group>"; };
		B69A6DF81C98497200AB8F08 /* ResetViewController.m */ = {isa = PBXFileReference; fileEncoding = 4; lastKnownFileType = sourcecode.c.objc; path = ResetViewController.m; sourceTree = "<group>"; };
		B6B358981C992FEF00AFFC5F /* BmobSDK.framework */ = {isa = PBXFileReference; lastKnownFileType = wrapper.framework; name = BmobSDK.framework; path = Bmob_SDK_iOS_v1.6.6/BmobSDK.framework; sourceTree = "<group>"; };
		B6B3589B1C99303A00AFFC5F /* CoreLocation.framework */ = {isa = PBXFileReference; lastKnownFileType = wrapper.framework; name = CoreLocation.framework; path = System/Library/Frameworks/CoreLocation.framework; sourceTree = SDKROOT; };
		B6B3589D1C99308D00AFFC5F /* Foundation.framework */ = {isa = PBXFileReference; lastKnownFileType = wrapper.framework; name = Foundation.framework; path = System/Library/Frameworks/Foundation.framework; sourceTree = SDKROOT; };
		B6B3589F1C99309700AFFC5F /* UIKit.framework */ = {isa = PBXFileReference; lastKnownFileType = wrapper.framework; name = UIKit.framework; path = System/Library/Frameworks/UIKit.framework; sourceTree = SDKROOT; };
		B6B358A11C9930A300AFFC5F /* CoreGraphics.framework */ = {isa = PBXFileReference; lastKnownFileType = wrapper.framework; name = CoreGraphics.framework; path = System/Library/Frameworks/CoreGraphics.framework; sourceTree = SDKROOT; };
		B6B358A31C9930BC00AFFC5F /* Security.framework */ = {isa = PBXFileReference; lastKnownFileType = wrapper.framework; name = Security.framework; path = System/Library/Frameworks/Security.framework; sourceTree = SDKROOT; };
		B6B358A51C9930DA00AFFC5F /* MobileCoreServices.framework */ = {isa = PBXFileReference; lastKnownFileType = wrapper.framework; name = MobileCoreServices.framework; path = System/Library/Frameworks/MobileCoreServices.framework; sourceTree = SDKROOT; };
		B6B358A71C9930E500AFFC5F /* CFNetwork.framework */ = {isa = PBXFileReference; lastKnownFileType = wrapper.framework; name = CFNetwork.framework; path = System/Library/Frameworks/CFNetwork.framework; sourceTree = SDKROOT; };
		B6B358A91C9930F100AFFC5F /* CoreTelephony.framework */ = {isa = PBXFileReference; lastKnownFileType = wrapper.framework; name = CoreTelephony.framework; path = System/Library/Frameworks/CoreTelephony.framework; sourceTree = SDKROOT; };
		B6B358AB1C99310200AFFC5F /* SystemConfiguration.framework */ = {isa = PBXFileReference; lastKnownFileType = wrapper.framework; name = SystemConfiguration.framework; path = System/Library/Frameworks/SystemConfiguration.framework; sourceTree = SDKROOT; };
		B6B358AD1C99311200AFFC5F /* libz.1.2.5.tbd */ = {isa = PBXFileReference; lastKnownFileType = "sourcecode.text-based-dylib-definition"; name = libz.1.2.5.tbd; path = usr/lib/libz.1.2.5.tbd; sourceTree = SDKROOT; };
		B6B358AF1C99312200AFFC5F /* libicucore.tbd */ = {isa = PBXFileReference; lastKnownFileType = "sourcecode.text-based-dylib-definition"; name = libicucore.tbd; path = usr/lib/libicucore.tbd; sourceTree = SDKROOT; };
		B6B358B11C99312E00AFFC5F /* libsqlite3.tbd */ = {isa = PBXFileReference; lastKnownFileType = "sourcecode.text-based-dylib-definition"; name = libsqlite3.tbd; path = usr/lib/libsqlite3.tbd; sourceTree = SDKROOT; };
		B6B358B31C99313500AFFC5F /* AVFoundation.framework */ = {isa = PBXFileReference; lastKnownFileType = wrapper.framework; name = AVFoundation.framework; path = System/Library/Frameworks/AVFoundation.framework; sourceTree = SDKROOT; };
		B6B358B51C99314100AFFC5F /* MediaPlayer.framework */ = {isa = PBXFileReference; lastKnownFileType = wrapper.framework; name = MediaPlayer.framework; path = System/Library/Frameworks/MediaPlayer.framework; sourceTree = SDKROOT; };
/* End PBXFileReference section */

/* Begin PBXFrameworksBuildPhase section */
		B69A6DB01C98432000AB8F08 /* Frameworks */ = {
			isa = PBXFrameworksBuildPhase;
			buildActionMask = 2147483647;
			files = (
				B6B3589C1C99303A00AFFC5F /* CoreLocation.framework in Frameworks */,
				B6B358AC1C99310200AFFC5F /* SystemConfiguration.framework in Frameworks */,
				B6B358B61C99314100AFFC5F /* MediaPlayer.framework in Frameworks */,
				B6B358B41C99313500AFFC5F /* AVFoundation.framework in Frameworks */,
				B6B358B21C99312E00AFFC5F /* libsqlite3.tbd in Frameworks */,
				B6B358B01C99312200AFFC5F /* libicucore.tbd in Frameworks */,
				B6B358AE1C99311200AFFC5F /* libz.1.2.5.tbd in Frameworks */,
				B6B358AA1C9930F100AFFC5F /* CoreTelephony.framework in Frameworks */,
				B6B358A81C9930E500AFFC5F /* CFNetwork.framework in Frameworks */,
				B6B358A61C9930DA00AFFC5F /* MobileCoreServices.framework in Frameworks */,
				B6B358A21C9930A300AFFC5F /* CoreGraphics.framework in Frameworks */,
				B6B358A41C9930BC00AFFC5F /* Security.framework in Frameworks */,
				B6B358A01C99309700AFFC5F /* UIKit.framework in Frameworks */,
				B6B3589E1C99308D00AFFC5F /* Foundation.framework in Frameworks */,
				B6B3589A1C992FEF00AFFC5F /* BmobSDK.framework in Frameworks */,
			);
			runOnlyForDeploymentPostprocessing = 0;
		};
		B69A6DC91C98432000AB8F08 /* Frameworks */ = {
			isa = PBXFrameworksBuildPhase;
			buildActionMask = 2147483647;
			files = (
			);
			runOnlyForDeploymentPostprocessing = 0;
		};
		B69A6DD41C98432000AB8F08 /* Frameworks */ = {
			isa = PBXFrameworksBuildPhase;
			buildActionMask = 2147483647;
			files = (
			);
			runOnlyForDeploymentPostprocessing = 0;
		};
/* End PBXFrameworksBuildPhase section */

/* Begin PBXGroup section */
		B65EE8A11C9D007B00991F9C /* HomePage */ = {
			isa = PBXGroup;
			children = (
				B65EE8A21C9D00BF00991F9C /* HomeTableViewController.h */,
				B65EE8A31C9D00BF00991F9C /* HomeTableViewController.m */,
			);
			name = HomePage;
			sourceTree = "<group>";
		};
		B65EE8A51C9D030300991F9C /* Constant */ = {
			isa = PBXGroup;
			children = (
				B65EE8A61C9D032300991F9C /* Const.h */,
			);
			name = Constant;
			sourceTree = "<group>";
		};
		B66EE73D1C9871EE005BADC4 /* ThirdParty */ = {
			isa = PBXGroup;
			children = (
				B6B358981C992FEF00AFFC5F /* BmobSDK.framework */,
				B66EE73E1C987269005BADC4 /* MBProgressHUD */,
			);
			name = ThirdParty;
			sourceTree = "<group>";
		};
		B66EE73E1C987269005BADC4 /* MBProgressHUD */ = {
			isa = PBXGroup;
			children = (
				B66EE73F1C987269005BADC4 /* MBProgressHUD+Add.h */,
				B66EE7401C987269005BADC4 /* MBProgressHUD+Add.m */,
				B66EE7411C987269005BADC4 /* MBProgressHUD.h */,
				B66EE7421C987269005BADC4 /* MBProgressHUD.m */,
			);
			path = MBProgressHUD;
			sourceTree = "<group>";
		};
		B66EE7451C98761C005BADC4 /* Framework */ = {
			isa = PBXGroup;
			children = (
				B6B358AD1C99311200AFFC5F /* libz.1.2.5.tbd */,
				B6B358AF1C99312200AFFC5F /* libicucore.tbd */,
				B6B358B11C99312E00AFFC5F /* libsqlite3.tbd */,
				B6B358B51C99314100AFFC5F /* MediaPlayer.framework */,
				B6B358B31C99313500AFFC5F /* AVFoundation.framework */,
				B6B358AB1C99310200AFFC5F /* SystemConfiguration.framework */,
				B6B358A91C9930F100AFFC5F /* CoreTelephony.framework */,
				B6B358A71C9930E500AFFC5F /* CFNetwork.framework */,
				B6B358A51C9930DA00AFFC5F /* MobileCoreServices.framework */,
				B6B358A31C9930BC00AFFC5F /* Security.framework */,
				B6B358A11C9930A300AFFC5F /* CoreGraphics.framework */,
				B6B3589F1C99309700AFFC5F /* UIKit.framework */,
				B6B3589D1C99308D00AFFC5F /* Foundation.framework */,
				B6B3589B1C99303A00AFFC5F /* CoreLocation.framework */,
			);
			name = Framework;
			sourceTree = "<group>";
		};
		B69A6DAA1C98432000AB8F08 = {
			isa = PBXGroup;
			children = (
				B66EE7451C98761C005BADC4 /* Framework */,
				B69A6DB51C98432000AB8F08 /* CuteCat */,
				B69A6DCF1C98432000AB8F08 /* CuteCatTests */,
				B69A6DDA1C98432000AB8F08 /* CuteCatUITests */,
				B69A6DB41C98432000AB8F08 /* Products */,
			);
			sourceTree = "<group>";
		};
		B69A6DB41C98432000AB8F08 /* Products */ = {
			isa = PBXGroup;
			children = (
				B69A6DB31C98432000AB8F08 /* CuteCat.app */,
				B69A6DCC1C98432000AB8F08 /* CuteCatTests.xctest */,
				B69A6DD71C98432000AB8F08 /* CuteCatUITests.xctest */,
			);
			name = Products;
			sourceTree = "<group>";
		};
		B69A6DB51C98432000AB8F08 /* CuteCat */ = {
			isa = PBXGroup;
			children = (
				B65EE8A51C9D030300991F9C /* Constant */,
				B65EE8A11C9D007B00991F9C /* HomePage */,
				B69A6DE91C98438C00AB8F08 /* Account */,
				B66EE73D1C9871EE005BADC4 /* ThirdParty */,
				B69A6DEA1C98459C00AB8F08 /* BaseViewController.h */,
				B69A6DEB1C98459C00AB8F08 /* BaseViewController.m */,
				B69A6DED1C9845BE00AB8F08 /* BaseTableViewController.h */,
				B69A6DEE1C9845BE00AB8F08 /* BaseTableViewController.m */,
				B69A6DB91C98432000AB8F08 /* AppDelegate.h */,
				B69A6DBA1C98432000AB8F08 /* AppDelegate.m */,
				B69A6DBF1C98432000AB8F08 /* Main.storyboard */,
				B69A6DC21C98432000AB8F08 /* Assets.xcassets */,
				B69A6DC41C98432000AB8F08 /* LaunchScreen.storyboard */,
				B69A6DC71C98432000AB8F08 /* Info.plist */,
				B69A6DB61C98432000AB8F08 /* Supporting Files */,
			);
			path = CuteCat;
			sourceTree = "<group>";
		};
		B69A6DB61C98432000AB8F08 /* Supporting Files */ = {
			isa = PBXGroup;
			children = (
				B69A6DB71C98432000AB8F08 /* main.m */,
			);
			name = "Supporting Files";
			sourceTree = "<group>";
		};
		B69A6DCF1C98432000AB8F08 /* CuteCatTests */ = {
			isa = PBXGroup;
			children = (
				B69A6DD01C98432000AB8F08 /* CuteCatTests.m */,
				B69A6DD21C98432000AB8F08 /* Info.plist */,
			);
			path = CuteCatTests;
			sourceTree = "<group>";
		};
		B69A6DDA1C98432000AB8F08 /* CuteCatUITests */ = {
			isa = PBXGroup;
			children = (
				B69A6DDB1C98432000AB8F08 /* CuteCatUITests.m */,
				B69A6DDD1C98432000AB8F08 /* Info.plist */,
			);
			path = CuteCatUITests;
			sourceTree = "<group>";
		};
		B69A6DE91C98438C00AB8F08 /* Account */ = {
			isa = PBXGroup;
			children = (
				B69A6DBC1C98432000AB8F08 /* LoginViewController.h */,
				B69A6DBD1C98432000AB8F08 /* LoginViewController.m */,
				B69A6DF01C98469C00AB8F08 /* RegistViewController.h */,
				B69A6DF11C98469C00AB8F08 /* RegistViewController.m */,
				B69A6DF31C98480900AB8F08 /* ForgetViewController.h */,
				B69A6DF41C98480900AB8F08 /* ForgetViewController.m */,
				B69A6DF71C98497200AB8F08 /* ResetViewController.h */,
				B69A6DF81C98497200AB8F08 /* ResetViewController.m */,
			);
			name = Account;
			path = ..;
			sourceTree = "<group>";
		};
/* End PBXGroup section */

/* Begin PBXNativeTarget section */
		B69A6DB21C98432000AB8F08 /* CuteCat */ = {
			isa = PBXNativeTarget;
			buildConfigurationList = B69A6DE01C98432000AB8F08 /* Build configuration list for PBXNativeTarget "CuteCat" */;
			buildPhases = (
				B69A6DAF1C98432000AB8F08 /* Sources */,
				B69A6DB01C98432000AB8F08 /* Frameworks */,
				B69A6DB11C98432000AB8F08 /* Resources */,
			);
			buildRules = (
			);
			dependencies = (
			);
			name = CuteCat;
			productName = CuteCat;
			productReference = B69A6DB31C98432000AB8F08 /* CuteCat.app */;
			productType = "com.apple.product-type.application";
		};
		B69A6DCB1C98432000AB8F08 /* CuteCatTests */ = {
			isa = PBXNativeTarget;
			buildConfigurationList = B69A6DE31C98432000AB8F08 /* Build configuration list for PBXNativeTarget "CuteCatTests" */;
			buildPhases = (
				B69A6DC81C98432000AB8F08 /* Sources */,
				B69A6DC91C98432000AB8F08 /* Frameworks */,
				B69A6DCA1C98432000AB8F08 /* Resources */,
			);
			buildRules = (
			);
			dependencies = (
				B69A6DCE1C98432000AB8F08 /* PBXTargetDependency */,
			);
			name = CuteCatTests;
			productName = CuteCatTests;
			productReference = B69A6DCC1C98432000AB8F08 /* CuteCatTests.xctest */;
			productType = "com.apple.product-type.bundle.unit-test";
		};
		B69A6DD61C98432000AB8F08 /* CuteCatUITests */ = {
			isa = PBXNativeTarget;
			buildConfigurationList = B69A6DE61C98432000AB8F08 /* Build configuration list for PBXNativeTarget "CuteCatUITests" */;
			buildPhases = (
				B69A6DD31C98432000AB8F08 /* Sources */,
				B69A6DD41C98432000AB8F08 /* Frameworks */,
				B69A6DD51C98432000AB8F08 /* Resources */,
			);
			buildRules = (
			);
			dependencies = (
				B69A6DD91C98432000AB8F08 /* PBXTargetDependency */,
			);
			name = CuteCatUITests;
			productName = CuteCatUITests;
			productReference = B69A6DD71C98432000AB8F08 /* CuteCatUITests.xctest */;
			productType = "com.apple.product-type.bundle.ui-testing";
		};
/* End PBXNativeTarget section */

/* Begin PBXProject section */
		B69A6DAB1C98432000AB8F08 /* Project object */ = {
			isa = PBXProject;
			attributes = {
				LastUpgradeCheck = 0700;
				ORGANIZATIONNAME = "朱海芳";
				TargetAttributes = {
					B69A6DB21C98432000AB8F08 = {
						CreatedOnToolsVersion = 7.0.1;
					};
					B69A6DCB1C98432000AB8F08 = {
						CreatedOnToolsVersion = 7.0.1;
						TestTargetID = B69A6DB21C98432000AB8F08;
					};
					B69A6DD61C98432000AB8F08 = {
						CreatedOnToolsVersion = 7.0.1;
						TestTargetID = B69A6DB21C98432000AB8F08;
					};
				};
			};
			buildConfigurationList = B69A6DAE1C98432000AB8F08 /* Build configuration list for PBXProject "CuteCat" */;
			compatibilityVersion = "Xcode 3.2";
			developmentRegion = English;
			hasScannedForEncodings = 0;
			knownRegions = (
				en,
				Base,
			);
			mainGroup = B69A6DAA1C98432000AB8F08;
			productRefGroup = B69A6DB41C98432000AB8F08 /* Products */;
			projectDirPath = "";
			projectRoot = "";
			targets = (
				B69A6DB21C98432000AB8F08 /* CuteCat */,
				B69A6DCB1C98432000AB8F08 /* CuteCatTests */,
				B69A6DD61C98432000AB8F08 /* CuteCatUITests */,
			);
		};
/* End PBXProject section */

/* Begin PBXResourcesBuildPhase section */
		B69A6DB11C98432000AB8F08 /* Resources */ = {
			isa = PBXResourcesBuildPhase;
			buildActionMask = 2147483647;
			files = (
				B69A6DC61C98432000AB8F08 /* LaunchScreen.storyboard in Resources */,
				B69A6DC31C98432000AB8F08 /* Assets.xcassets in Resources */,
				B69A6DC11C98432000AB8F08 /* Main.storyboard in Resources */,
			);
			runOnlyForDeploymentPostprocessing = 0;
		};
		B69A6DCA1C98432000AB8F08 /* Resources */ = {
			isa = PBXResourcesBuildPhase;
			buildActionMask = 2147483647;
			files = (
			);
			runOnlyForDeploymentPostprocessing = 0;
		};
		B69A6DD51C98432000AB8F08 /* Resources */ = {
			isa = PBXResourcesBuildPhase;
			buildActionMask = 2147483647;
			files = (
			);
			runOnlyForDeploymentPostprocessing = 0;
		};
/* End PBXResourcesBuildPhase section */

/* Begin PBXSourcesBuildPhase section */
		B69A6DAF1C98432000AB8F08 /* Sources */ = {
			isa = PBXSourcesBuildPhase;
			buildActionMask = 2147483647;
			files = (
				B69A6DBE1C98432000AB8F08 /* LoginViewController.m in Sources */,
				B69A6DEC1C98459C00AB8F08 /* BaseViewController.m in Sources */,
				B69A6DF91C98497200AB8F08 /* ResetViewController.m in Sources */,
				B69A6DF21C98469C00AB8F08 /* RegistViewController.m in Sources */,
				B66EE7431C987269005BADC4 /* MBProgressHUD+Add.m in Sources */,
				B69A6DBB1C98432000AB8F08 /* AppDelegate.m in Sources */,
				B69A6DB81C98432000AB8F08 /* main.m in Sources */,
				B66EE7441C987269005BADC4 /* MBProgressHUD.m in Sources */,
				B69A6DF51C98480900AB8F08 /* ForgetViewController.m in Sources */,
				B69A6DEF1C9845BE00AB8F08 /* BaseTableViewController.m in Sources */,
				B65EE8A41C9D00BF00991F9C /* HomeTableViewController.m in Sources */,
			);
			runOnlyForDeploymentPostprocessing = 0;
		};
		B69A6DC81C98432000AB8F08 /* Sources */ = {
			isa = PBXSourcesBuildPhase;
			buildActionMask = 2147483647;
			files = (
				B69A6DD11C98432000AB8F08 /* CuteCatTests.m in Sources */,
			);
			runOnlyForDeploymentPostprocessing = 0;
		};
		B69A6DD31C98432000AB8F08 /* Sources */ = {
			isa = PBXSourcesBuildPhase;
			buildActionMask = 2147483647;
			files = (
				B69A6DDC1C98432000AB8F08 /* CuteCatUITests.m in Sources */,
			);
			runOnlyForDeploymentPostprocessing = 0;
		};
/* End PBXSourcesBuildPhase section */

/* Begin PBXTargetDependency section */
		B69A6DCE1C98432000AB8F08 /* PBXTargetDependency */ = {
			isa = PBXTargetDependency;
			target = B69A6DB21C98432000AB8F08 /* CuteCat */;
			targetProxy = B69A6DCD1C98432000AB8F08 /* PBXContainerItemProxy */;
		};
		B69A6DD91C98432000AB8F08 /* PBXTargetDependency */ = {
			isa = PBXTargetDependency;
			target = B69A6DB21C98432000AB8F08 /* CuteCat */;
			targetProxy = B69A6DD81C98432000AB8F08 /* PBXContainerItemProxy */;
		};
/* End PBXTargetDependency section */

/* Begin PBXVariantGroup section */
		B69A6DBF1C98432000AB8F08 /* Main.storyboard */ = {
			isa = PBXVariantGroup;
			children = (
				B69A6DC01C98432000AB8F08 /* Base */,
			);
			name = Main.storyboard;
			sourceTree = "<group>";
		};
		B69A6DC41C98432000AB8F08 /* LaunchScreen.storyboard */ = {
			isa = PBXVariantGroup;
			children = (
				B69A6DC51C98432000AB8F08 /* Base */,
			);
			name = LaunchScreen.storyboard;
			sourceTree = "<group>";
		};
/* End PBXVariantGroup section */

/* Begin XCBuildConfiguration section */
		B69A6DDE1C98432000AB8F08 /* Debug */ = {
			isa = XCBuildConfiguration;
			buildSettings = {
				ALWAYS_SEARCH_USER_PATHS = NO;
				CLANG_CXX_LANGUAGE_STANDARD = "gnu++0x";
				CLANG_CXX_LIBRARY = "libc++";
				CLANG_ENABLE_MODULES = YES;
				CLANG_ENABLE_OBJC_ARC = YES;
				CLANG_WARN_BOOL_CONVERSION = YES;
				CLANG_WARN_CONSTANT_CONVERSION = YES;
				CLANG_WARN_DIRECT_OBJC_ISA_USAGE = YES_ERROR;
				CLANG_WARN_EMPTY_BODY = YES;
				CLANG_WARN_ENUM_CONVERSION = YES;
				CLANG_WARN_INT_CONVERSION = YES;
				CLANG_WARN_OBJC_ROOT_CLASS = YES_ERROR;
				CLANG_WARN_UNREACHABLE_CODE = YES;
				CLANG_WARN__DUPLICATE_METHOD_MATCH = YES;
				"CODE_SIGN_IDENTITY[sdk=iphoneos*]" = "iPhone Developer";
				COPY_PHASE_STRIP = NO;
				DEBUG_INFORMATION_FORMAT = dwarf;
				ENABLE_STRICT_OBJC_MSGSEND = YES;
				ENABLE_TESTABILITY = YES;
				GCC_C_LANGUAGE_STANDARD = gnu99;
				GCC_DYNAMIC_NO_PIC = NO;
				GCC_NO_COMMON_BLOCKS = YES;
				GCC_OPTIMIZATION_LEVEL = 0;
				GCC_PREPROCESSOR_DEFINITIONS = (
					"DEBUG=1",
					"$(inherited)",
				);
				GCC_WARN_64_TO_32_BIT_CONVERSION = YES;
				GCC_WARN_ABOUT_RETURN_TYPE = YES_ERROR;
				GCC_WARN_UNDECLARED_SELECTOR = YES;
				GCC_WARN_UNINITIALIZED_AUTOS = YES_AGGRESSIVE;
				GCC_WARN_UNUSED_FUNCTION = YES;
				GCC_WARN_UNUSED_VARIABLE = YES;
				IPHONEOS_DEPLOYMENT_TARGET = 9.0;
				MTL_ENABLE_DEBUG_INFO = YES;
				ONLY_ACTIVE_ARCH = YES;
				SDKROOT = iphoneos;
			};
			name = Debug;
		};
		B69A6DDF1C98432000AB8F08 /* Release */ = {
			isa = XCBuildConfiguration;
			buildSettings = {
				ALWAYS_SEARCH_USER_PATHS = NO;
				CLANG_CXX_LANGUAGE_STANDARD = "gnu++0x";
				CLANG_CXX_LIBRARY = "libc++";
				CLANG_ENABLE_MODULES = YES;
				CLANG_ENABLE_OBJC_ARC = YES;
				CLANG_WARN_BOOL_CONVERSION = YES;
				CLANG_WARN_CONSTANT_CONVERSION = YES;
				CLANG_WARN_DIRECT_OBJC_ISA_USAGE = YES_ERROR;
				CLANG_WARN_EMPTY_BODY = YES;
				CLANG_WARN_ENUM_CONVERSION = YES;
				CLANG_WARN_INT_CONVERSION = YES;
				CLANG_WARN_OBJC_ROOT_CLASS = YES_ERROR;
				CLANG_WARN_UNREACHABLE_CODE = YES;
				CLANG_WARN__DUPLICATE_METHOD_MATCH = YES;
				"CODE_SIGN_IDENTITY[sdk=iphoneos*]" = "iPhone Developer";
				COPY_PHASE_STRIP = NO;
				DEBUG_INFORMATION_FORMAT = "dwarf-with-dsym";
				ENABLE_NS_ASSERTIONS = NO;
				ENABLE_STRICT_OBJC_MSGSEND = YES;
				GCC_C_LANGUAGE_STANDARD = gnu99;
				GCC_NO_COMMON_BLOCKS = YES;
				GCC_WARN_64_TO_32_BIT_CONVERSION = YES;
				GCC_WARN_ABOUT_RETURN_TYPE = YES_ERROR;
				GCC_WARN_UNDECLARED_SELECTOR = YES;
				GCC_WARN_UNINITIALIZED_AUTOS = YES_AGGRESSIVE;
				GCC_WARN_UNUSED_FUNCTION = YES;
				GCC_WARN_UNUSED_VARIABLE = YES;
				IPHONEOS_DEPLOYMENT_TARGET = 9.0;
				MTL_ENABLE_DEBUG_INFO = NO;
				SDKROOT = iphoneos;
				VALIDATE_PRODUCT = YES;
			};
			name = Release;
		};
		B69A6DE11C98432000AB8F08 /* Debug */ = {
			isa = XCBuildConfiguration;
			buildSettings = {
				ASSETCATALOG_COMPILER_APPICON_NAME = AppIcon;
				FRAMEWORK_SEARCH_PATHS = (
					"$(inherited)",
					"$(PROJECT_DIR)/CuteCat/Bmob_SDK_iOS_v1.6.6",
				);
				INFOPLIST_FILE = CuteCat/Info.plist;
				LD_RUNPATH_SEARCH_PATHS = "$(inherited) @executable_path/Frameworks";
				PRODUCT_BUNDLE_IDENTIFIER = zhuzhu.CuteCat;
				PRODUCT_NAME = "$(TARGET_NAME)";
			};
			name = Debug;
		};
		B69A6DE21C98432000AB8F08 /* Release */ = {
			isa = XCBuildConfiguration;
			buildSettings = {
				ASSETCATALOG_COMPILER_APPICON_NAME = AppIcon;
				FRAMEWORK_SEARCH_PATHS = (
					"$(inherited)",
					"$(PROJECT_DIR)/CuteCat/Bmob_SDK_iOS_v1.6.6",
				);
				INFOPLIST_FILE = CuteCat/Info.plist;
				LD_RUNPATH_SEARCH_PATHS = "$(inherited) @executable_path/Frameworks";
				PRODUCT_BUNDLE_IDENTIFIER = zhuzhu.CuteCat;
				PRODUCT_NAME = "$(TARGET_NAME)";
			};
			name = Release;
		};
		B69A6DE41C98432000AB8F08 /* Debug */ = {
			isa = XCBuildConfiguration;
			buildSettings = {
				BUNDLE_LOADER = "$(TEST_HOST)";
				INFOPLIST_FILE = CuteCatTests/Info.plist;
				LD_RUNPATH_SEARCH_PATHS = "$(inherited) @executable_path/Frameworks @loader_path/Frameworks";
				PRODUCT_BUNDLE_IDENTIFIER = zhuzhu.CuteCatTests;
				PRODUCT_NAME = "$(TARGET_NAME)";
				TEST_HOST = "$(BUILT_PRODUCTS_DIR)/CuteCat.app/CuteCat";
			};
			name = Debug;
		};
		B69A6DE51C98432000AB8F08 /* Release */ = {
			isa = XCBuildConfiguration;
			buildSettings = {
				BUNDLE_LOADER = "$(TEST_HOST)";
				INFOPLIST_FILE = CuteCatTests/Info.plist;
				LD_RUNPATH_SEARCH_PATHS = "$(inherited) @executable_path/Frameworks @loader_path/Frameworks";
				PRODUCT_BUNDLE_IDENTIFIER = zhuzhu.CuteCatTests;
				PRODUCT_NAME = "$(TARGET_NAME)";
				TEST_HOST = "$(BUILT_PRODUCTS_DIR)/CuteCat.app/CuteCat";
			};
			name = Release;
		};
		B69A6DE71C98432000AB8F08 /* Debug */ = {
			isa = XCBuildConfiguration;
			buildSettings = {
				INFOPLIST_FILE = CuteCatUITests/Info.plist;
				LD_RUNPATH_SEARCH_PATHS = "$(inherited) @executable_path/Frameworks @loader_path/Frameworks";
				PRODUCT_BUNDLE_IDENTIFIER = zhuzhu.CuteCatUITests;
				PRODUCT_NAME = "$(TARGET_NAME)";
				TEST_TARGET_NAME = CuteCat;
				USES_XCTRUNNER = YES;
			};
			name = Debug;
		};
		B69A6DE81C98432000AB8F08 /* Release */ = {
			isa = XCBuildConfiguration;
			buildSettings = {
				INFOPLIST_FILE = CuteCatUITests/Info.plist;
				LD_RUNPATH_SEARCH_PATHS = "$(inherited) @executable_path/Frameworks @loader_path/Frameworks";
				PRODUCT_BUNDLE_IDENTIFIER = zhuzhu.CuteCatUITests;
				PRODUCT_NAME = "$(TARGET_NAME)";
				TEST_TARGET_NAME = CuteCat;
				USES_XCTRUNNER = YES;
			};
			name = Release;
		};
/* End XCBuildConfiguration section */

/* Begin XCConfigurationList section */
		B69A6DAE1C98432000AB8F08 /* Build configuration list for PBXProject "CuteCat" */ = {
			isa = XCConfigurationList;
			buildConfigurations = (
				B69A6DDE1C98432000AB8F08 /* Debug */,
				B69A6DDF1C98432000AB8F08 /* Release */,
			);
			defaultConfigurationIsVisible = 0;
			defaultConfigurationName = Release;
		};
		B69A6DE01C98432000AB8F08 /* Build configuration list for PBXNativeTarget "CuteCat" */ = {
			isa = XCConfigurationList;
			buildConfigurations = (
				B69A6DE11C98432000AB8F08 /* Debug */,
				B69A6DE21C98432000AB8F08 /* Release */,
			);
			defaultConfigurationIsVisible = 0;
			defaultConfigurationName = Release;
		};
		B69A6DE31C98432000AB8F08 /* Build configuration list for PBXNativeTarget "CuteCatTests" */ = {
			isa = XCConfigurationList;
			buildConfigurations = (
				B69A6DE41C98432000AB8F08 /* Debug */,
				B69A6DE51C98432000AB8F08 /* Release */,
			);
			defaultConfigurationIsVisible = 0;
			defaultConfigurationName = Release;
		};
		B69A6DE61C98432000AB8F08 /* Build configuration list for PBXNativeTarget "CuteCatUITests" */ = {
			isa = XCConfigurationList;
			buildConfigurations = (
				B69A6DE71C98432000AB8F08 /* Debug */,
				B69A6DE81C98432000AB8F08 /* Release */,
			);
			defaultConfigurationIsVisible = 0;
			defaultConfigurationName = Release;
		};
/* End XCConfigurationList section */
	};
	rootObject = B69A6DAB1C98432000AB8F08 /* Project object */;
}
